
Microsoft Visual Studio Solution File, Format Version 12.00
# Visual Studio Version 16
VisualStudioVersion = 25.0.1705.4
MinimumVisualStudioVersion = 10.0.40219.1
Project("{FAE04EC0-301F-11D3-BF4B-00C04F79EFBC}") = "MagicVila_Restful_Course", "MagicVila_Restful_Course\MagicVila_Restful_Course.csproj", "{9FB223CA-FD78-4905-A4FD-E26EF4D034DF}"
EndProject
Global
	GlobalSection(SolutionConfigurationPlatforms) = preSolution
		Debug|Any CPU = Debug|Any CPU
		Release|Any CPU = Release|Any CPU
	EndGlobalSection
	GlobalSection(ProjectConfigurationPlatforms) = postSolution
		{9FB223CA-FD78-4905-A4FD-E26EF4D034DF}.Debug|Any CPU.ActiveCfg = Debug|Any CPU
		{9FB223CA-FD78-4905-A4FD-E26EF4D034DF}.Debug|Any CPU.Build.0 = Debug|Any CPU
		{9FB223CA-FD78-4905-A4FD-E26EF4D034DF}.Release|Any CPU.ActiveCfg = Release|Any CPU
		{9FB223CA-FD78-4905-A4FD-E26EF4D034DF}.Release|Any CPU.Build.0 = Release|Any CPU
	EndGlobalSection
	GlobalSection(SolutionProperties) = preSolution
		HideSolutionNode = FALSE
	EndGlobalSection
	GlobalSection(ExtensibilityGlobals) = postSolution
		SolutionGuid = {6B333517-42E0-4E66-93D2-957BF406DE12}
	EndGlobalSection
EndGlobal
